hash: dfe411d57bc4d4803b664a48cdb296c73ed61161b382c9af178e1c1f841d1765
updated: 2017-04-18T17:20:05.764499047+09:00
imports:
- name: github.com/azer/snakecase
  version: c818dddafb5c91bd13275f49b08e38a489cbef5f
- name: github.com/go-sql-driver/mysql
  version: 9dee4ca50b83acdf57a35fb9e6fb4be640afa2f3
- name: github.com/howeyc/gopass
  version: bf9dde6d0d2c004a008c27aaee91170c786f6db8
- name: github.com/jessevdk/go-flags
  version: 460c7bb0abd6e927f2767cadc91aa6ef776a98b4
- name: github.com/naoina/go-stringutil
  version: 6b638e95a32d0c1131db0e7fe83775cbea4a0d0b
- name: github.com/yagihiro/migu
  version: 601d4492d109c52539646cfcdd72b982bc7c9011
  subpackages:
  - dialect
- name: golang.org/x/crypto
  version: cbc3d0884eac986df6e78a039b8792e869bff863
  subpackages:
  - ssh/terminal
- name: golang.org/x/sys
  version: f3918c30c5c2cb527c0b071a27c35120a6c0719a
  subpackages:
  - unix
testImports: []
