hash: 4eaedd726df180b125027c867addac84faa79d54553015942fdefa271d7a2b34
updated: 2017-01-10T09:29:50.427128957+09:00
imports:
- name: github.com/go-sql-driver/mysql
  version: 8f6c67f0228a4a6a962008d6c3d1e694e4532e71
- name: github.com/howeyc/gopass
  version: bf9dde6d0d2c004a008c27aaee91170c786f6db8
- name: github.com/jessevdk/go-flags
  version: 4e64e4a4e2552194cf594243e23aa9baf3b4297e
- name: github.com/naoina/go-stringutil
  version: 6b638e95a32d0c1131db0e7fe83775cbea4a0d0b
- name: golang.org/x/crypto
  version: abc3c1b02083efdbef727c8631a865ad7d8d8b19
  subpackages:
  - ssh/terminal
- name: golang.org/x/sys
  version: 30237cf4eefd639b184d1f2cb77a581ea0be8947
  subpackages:
  - unix
testImports: []
